
Microsoft Visual Studio Solution File, Format Version 12.00
# Visual Studio 14
VisualStudioVersion = 14.0.25123.0
MinimumVisualStudioVersion = 10.0.40219.1
Project("{FAE04EC0-301F-11D3-BF4B-00C04F79EFBC}") = "ToTechnical", "ToTechnical\ToTechnical.csproj", "{2E6DDBB0-3A52-4517-8673-5BD03A6E6965}"
EndProject
Project("{FAE04EC0-301F-11D3-BF4B-00C04F79EFBC}") = "DataCore", "DataCore\DataCore.csproj", "{6A9DC0B0-18B1-486A-ADD7-9935F170AC6D}"
EndProject
Project("{FAE04EC0-301F-11D3-BF4B-00C04F79EFBC}") = "EntityCore", "EntityCore\EntityCore.csproj", "{1A943532-7B39-4565-9E17-AF7872645FD9}"
EndProject
Project("{FAE04EC0-301F-11D3-BF4B-00C04F79EFBC}") = "Repository", "Repository\Repository.csproj", "{F187BA05-4D57-470A-9F92-E75820963B72}"
EndProject
Global
	GlobalSection(SolutionConfigurationPlatforms) = preSolution
		Debug|Any CPU = Debug|Any CPU
		Release|Any CPU = Release|Any CPU
	EndGlobalSection
	GlobalSection(ProjectConfigurationPlatforms) = postSolution
		{2E6DDBB0-3A52-4517-8673-5BD03A6E6965}.Debug|Any CPU.ActiveCfg = Debug|Any CPU
		{2E6DDBB0-3A52-4517-8673-5BD03A6E6965}.Debug|Any CPU.Build.0 = Debug|Any CPU
		{2E6DDBB0-3A52-4517-8673-5BD03A6E6965}.Release|Any CPU.ActiveCfg = Release|Any CPU
		{2E6DDBB0-3A52-4517-8673-5BD03A6E6965}.Release|Any CPU.Build.0 = Release|Any CPU
		{6A9DC0B0-18B1-486A-ADD7-9935F170AC6D}.Debug|Any CPU.ActiveCfg = Debug|Any CPU
		{6A9DC0B0-18B1-486A-ADD7-9935F170AC6D}.Debug|Any CPU.Build.0 = Debug|Any CPU
		{6A9DC0B0-18B1-486A-ADD7-9935F170AC6D}.Release|Any CPU.ActiveCfg = Release|Any CPU
		{6A9DC0B0-18B1-486A-ADD7-9935F170AC6D}.Release|Any CPU.Build.0 = Release|Any CPU
		{1A943532-7B39-4565-9E17-AF7872645FD9}.Debug|Any CPU.ActiveCfg = Debug|Any CPU
		{1A943532-7B39-4565-9E17-AF7872645FD9}.Debug|Any CPU.Build.0 = Debug|Any CPU
		{1A943532-7B39-4565-9E17-AF7872645FD9}.Release|Any CPU.ActiveCfg = Release|Any CPU
		{1A943532-7B39-4565-9E17-AF7872645FD9}.Release|Any CPU.Build.0 = Release|Any CPU
		{F187BA05-4D57-470A-9F92-E75820963B72}.Debug|Any CPU.ActiveCfg = Debug|Any CPU
		{F187BA05-4D57-470A-9F92-E75820963B72}.Debug|Any CPU.Build.0 = Debug|Any CPU
		{F187BA05-4D57-470A-9F92-E75820963B72}.Release|Any CPU.ActiveCfg = Release|Any CPU
		{F187BA05-4D57-470A-9F92-E75820963B72}.Release|Any CPU.Build.0 = Release|Any CPU
	EndGlobalSection
	GlobalSection(SolutionProperties) = preSolution
		HideSolutionNode = FALSE
	EndGlobalSection
EndGlobal
